
Microsoft Visual Studio Solution File, Format Version 12.00
# Visual Studio 15
VisualStudioVersion = 15.0.27130.2020
MinimumVisualStudioVersion = 10.0.40219.1
Project("{888888A0-9F3D-457C-B088-3A5042F75D52}") = "adaboost_author_id", "adaboost_author_id\adaboost_author_id.pyproj", "{6A217BB8-A3F3-4B9A-9F0D-601C3AFA74FA}"
EndProject
Global
	GlobalSection(SolutionConfigurationPlatforms) = preSolution
		Debug|Any CPU = Debug|Any CPU
		Release|Any CPU = Release|Any CPU
	EndGlobalSection
	GlobalSection(ProjectConfigurationPlatforms) = postSolution
		{6A217BB8-A3F3-4B9A-9F0D-601C3AFA74FA}.Debug|Any CPU.ActiveCfg = Debug|Any CPU
		{6A217BB8-A3F3-4B9A-9F0D-601C3AFA74FA}.Release|Any CPU.ActiveCfg = Release|Any CPU
	EndGlobalSection
	GlobalSection(SolutionProperties) = preSolution
		HideSolutionNode = FALSE
	EndGlobalSection
	GlobalSection(ExtensibilityGlobals) = postSolution
		SolutionGuid = {14DC265E-F881-465C-BC64-0963040E9EFD}
	EndGlobalSection
EndGlobal
